
Microsoft Visual Studio Solution File, Format Version 12.00
# Visual Studio Version 17
VisualStudioVersion = 17.13.35806.99
MinimumVisualStudioVersion = 10.0.40219.1
Project("{2150E333-8FDC-42A3-9474-1A3956D46DE8}") = "src", "src", "{02EA681E-C7D8-13C7-8484-4AC65E1B71E8}"
EndProject
Project("{2150E333-8FDC-42A3-9474-1A3956D46DE8}") = "tests", "tests", "{A27040DE-8D8E-4BEF-873C-6E66701579AC}"
EndProject
Project("{FAE04EC0-301F-11D3-BF4B-00C04F79EFBC}") = "Petfolio.API", "src\Petfolio.API\Petfolio.API.csproj", "{E8DE04B1-0525-3984-E657-318473C9183B}"
EndProject
Project("{FAE04EC0-301F-11D3-BF4B-00C04F79EFBC}") = "Petfolio.Application", "src\Petfolio.Application\Petfolio.Application.csproj", "{373AA52D-5259-5005-B7DE-D84CC64D379A}"
EndProject
Project("{FAE04EC0-301F-11D3-BF4B-00C04F79EFBC}") = "Petfolio.Communication", "src\Petfolio.Communication\Petfolio.Communication.csproj", "{67E3E69D-D697-B341-E6F1-66D07884E1B0}"
EndProject
Project("{FAE04EC0-301F-11D3-BF4B-00C04F79EFBC}") = "Petfolio.Domain", "src\Petfolio.Domain\Petfolio.Domain.csproj", "{7EFFEDA9-6469-4E9C-9553-FF698B12053E}"
EndProject
Project("{FAE04EC0-301F-11D3-BF4B-00C04F79EFBC}") = "Petfolio.Exception", "src\Petfolio.Exception\Petfolio.Exception.csproj", "{00D8A979-FF52-4275-8E02-6E77CDED128D}"
EndProject
Project("{FAE04EC0-301F-11D3-BF4B-00C04F79EFBC}") = "Petfolio.Infrastructure", "src\Petfolio.Infrastructure\Petfolio.Infrastructure.csproj", "{D07EB4C2-3754-4E9E-AC5B-B86FA5332F5E}"
EndProject
Project("{FAE04EC0-301F-11D3-BF4B-00C04F79EFBC}") = "CommonTestUtilities", "tests\CommonTestUtilities\CommonTestUtilities.csproj", "{57772BA2-D79E-47F0-B5C2-09FC058FA146}"
EndProject
Project("{FAE04EC0-301F-11D3-BF4B-00C04F79EFBC}") = "Validators.Tests", "tests\Validators.Tests\Validators.Tests.csproj", "{DDB7D4DE-5867-4DD1-A0E3-F6B519F5CDB8}"
EndProject
Global
	GlobalSection(SolutionConfigurationPlatforms) = preSolution
		Debug|Any CPU = Debug|Any CPU
		Release|Any CPU = Release|Any CPU
	EndGlobalSection
	GlobalSection(ProjectConfigurationPlatforms) = postSolution
		{E8DE04B1-0525-3984-E657-318473C9183B}.Debug|Any CPU.ActiveCfg = Debug|Any CPU
		{E8DE04B1-0525-3984-E657-318473C9183B}.Debug|Any CPU.Build.0 = Debug|Any CPU
		{E8DE04B1-0525-3984-E657-318473C9183B}.Release|Any CPU.ActiveCfg = Release|Any CPU
		{E8DE04B1-0525-3984-E657-318473C9183B}.Release|Any CPU.Build.0 = Release|Any CPU
		{373AA52D-5259-5005-B7DE-D84CC64D379A}.Debug|Any CPU.ActiveCfg = Debug|Any CPU
		{373AA52D-5259-5005-B7DE-D84CC64D379A}.Debug|Any CPU.Build.0 = Debug|Any CPU
		{373AA52D-5259-5005-B7DE-D84CC64D379A}.Release|Any CPU.ActiveCfg = Release|Any CPU
		{373AA52D-5259-5005-B7DE-D84CC64D379A}.Release|Any CPU.Build.0 = Release|Any CPU
		{67E3E69D-D697-B341-E6F1-66D07884E1B0}.Debug|Any CPU.ActiveCfg = Debug|Any CPU
		{67E3E69D-D697-B341-E6F1-66D07884E1B0}.Debug|Any CPU.Build.0 = Debug|Any CPU
		{67E3E69D-D697-B341-E6F1-66D07884E1B0}.Release|Any CPU.ActiveCfg = Release|Any CPU
		{67E3E69D-D697-B341-E6F1-66D07884E1B0}.Release|Any CPU.Build.0 = Release|Any CPU
		{7EFFEDA9-6469-4E9C-9553-FF698B12053E}.Debug|Any CPU.ActiveCfg = Debug|Any CPU
		{7EFFEDA9-6469-4E9C-9553-FF698B12053E}.Debug|Any CPU.Build.0 = Debug|Any CPU
		{7EFFEDA9-6469-4E9C-9553-FF698B12053E}.Release|Any CPU.ActiveCfg = Release|Any CPU
		{7EFFEDA9-6469-4E9C-9553-FF698B12053E}.Release|Any CPU.Build.0 = Release|Any CPU
		{00D8A979-FF52-4275-8E02-6E77CDED128D}.Debug|Any CPU.ActiveCfg = Debug|Any CPU
		{00D8A979-FF52-4275-8E02-6E77CDED128D}.Debug|Any CPU.Build.0 = Debug|Any CPU
		{00D8A979-FF52-4275-8E02-6E77CDED128D}.Release|Any CPU.ActiveCfg = Release|Any CPU
		{00D8A979-FF52-4275-8E02-6E77CDED128D}.Release|Any CPU.Build.0 = Release|Any CPU
		{D07EB4C2-3754-4E9E-AC5B-B86FA5332F5E}.Debug|Any CPU.ActiveCfg = Debug|Any CPU
		{D07EB4C2-3754-4E9E-AC5B-B86FA5332F5E}.Debug|Any CPU.Build.0 = Debug|Any CPU
		{D07EB4C2-3754-4E9E-AC5B-B86FA5332F5E}.Release|Any CPU.ActiveCfg = Release|Any CPU
		{D07EB4C2-3754-4E9E-AC5B-B86FA5332F5E}.Release|Any CPU.Build.0 = Release|Any CPU
		{57772BA2-D79E-47F0-B5C2-09FC058FA146}.Debug|Any CPU.ActiveCfg = Debug|Any CPU
		{57772BA2-D79E-47F0-B5C2-09FC058FA146}.Debug|Any CPU.Build.0 = Debug|Any CPU
		{57772BA2-D79E-47F0-B5C2-09FC058FA146}.Release|Any CPU.ActiveCfg = Release|Any CPU
		{57772BA2-D79E-47F0-B5C2-09FC058FA146}.Release|Any CPU.Build.0 = Release|Any CPU
		{DDB7D4DE-5867-4DD1-A0E3-F6B519F5CDB8}.Debug|Any CPU.ActiveCfg = Debug|Any CPU
		{DDB7D4DE-5867-4DD1-A0E3-F6B519F5CDB8}.Debug|Any CPU.Build.0 = Debug|Any CPU
		{DDB7D4DE-5867-4DD1-A0E3-F6B519F5CDB8}.Release|Any CPU.ActiveCfg = Release|Any CPU
		{DDB7D4DE-5867-4DD1-A0E3-F6B519F5CDB8}.Release|Any CPU.Build.0 = Release|Any CPU
	EndGlobalSection
	GlobalSection(SolutionProperties) = preSolution
		HideSolutionNode = FALSE
	EndGlobalSection
	GlobalSection(NestedProjects) = preSolution
		{E8DE04B1-0525-3984-E657-318473C9183B} = {02EA681E-C7D8-13C7-8484-4AC65E1B71E8}
		{373AA52D-5259-5005-B7DE-D84CC64D379A} = {02EA681E-C7D8-13C7-8484-4AC65E1B71E8}
		{67E3E69D-D697-B341-E6F1-66D07884E1B0} = {02EA681E-C7D8-13C7-8484-4AC65E1B71E8}
		{7EFFEDA9-6469-4E9C-9553-FF698B12053E} = {02EA681E-C7D8-13C7-8484-4AC65E1B71E8}
		{00D8A979-FF52-4275-8E02-6E77CDED128D} = {02EA681E-C7D8-13C7-8484-4AC65E1B71E8}
		{D07EB4C2-3754-4E9E-AC5B-B86FA5332F5E} = {02EA681E-C7D8-13C7-8484-4AC65E1B71E8}
		{57772BA2-D79E-47F0-B5C2-09FC058FA146} = {A27040DE-8D8E-4BEF-873C-6E66701579AC}
		{DDB7D4DE-5867-4DD1-A0E3-F6B519F5CDB8} = {A27040DE-8D8E-4BEF-873C-6E66701579AC}
	EndGlobalSection
	GlobalSection(ExtensibilityGlobals) = postSolution
		SolutionGuid = {762E7CF1-B1E8-4420-8669-76F92FF3BCC6}
	EndGlobalSection
EndGlobal
